Microsoft Visual Studio Solution File, Format Version 12.00
# Visual Studio Version 17
VisualStudioVersion = 17.5.2.0
MinimumVisualStudioVersion = 10.0.40219.1
Project("{FAE04EC0-301F-11D3-BF4B-00C04F79EFBC}") = "cf_mqtt_broker_cluster_resilience_test_tool", "cf_mqtt_broker_cluster_resilience_test_tool.csproj", "{77E6C959-73E1-69B8-6666-DF8509D02AF9}"
EndProject
Global
	GlobalSection(SolutionConfigurationPlatforms) = preSolution
		Debug|Any CPU = Debug|Any CPU
		Release|Any CPU = Release|Any CPU
	EndGlobalSection
	GlobalSection(ProjectConfigurationPlatforms) = postSolution
		{77E6C959-73E1-69B8-6666-DF8509D02AF9}.Debug|Any CPU.ActiveCfg = Debug|Any CPU
		{77E6C959-73E1-69B8-6666-DF8509D02AF9}.Debug|Any CPU.Build.0 = Debug|Any CPU
		{77E6C959-73E1-69B8-6666-DF8509D02AF9}.Release|Any CPU.ActiveCfg = Release|Any CPU
		{77E6C959-73E1-69B8-6666-DF8509D02AF9}.Release|Any CPU.Build.0 = Release|Any CPU
	EndGlobalSection
	GlobalSection(SolutionProperties) = preSolution
		HideSolutionNode = FALSE
	EndGlobalSection
	GlobalSection(ExtensibilityGlobals) = postSolution
		SolutionGuid = {3018800F-9F7F-4BF5-A36B-A854C82038B9}
	EndGlobalSection
EndGlobal
